
Microsoft Visual Studio Solution File, Format Version 11.00
# Visual Studio 2010
Project("{FAE04EC0-301F-11D3-BF4B-00C04F79EFBC}") = "Assembly-CSharp", "Assembly-CSharp.csproj", "{D7A04296-45F3-6A3F-B1CB-4CF5A0FADFE8}"
EndProject
Project("{FAE04EC0-301F-11D3-BF4B-00C04F79EFBC}") = "Assembly-CSharp-Editor-firstpass", "Assembly-CSharp-Editor-firstpass.csproj", "{AD223804-9334-7D0B-2376-F84184A16E92}"
EndProject
Global
	GlobalSection(SolutionConfigurationPlatforms) = preSolution
		Debug|Any CPU = Debug|Any CPU
		Release|Any CPU = Release|Any CPU
	EndGlobalSection
	GlobalSection(ProjectConfigurationPlatforms) = postSolution
		{D7A04296-45F3-6A3F-B1CB-4CF5A0FADFE8}.Debug|Any CPU.ActiveCfg = Debug|Any CPU
		{D7A04296-45F3-6A3F-B1CB-4CF5A0FADFE8}.Debug|Any CPU.Build.0 = Debug|Any CPU
		{D7A04296-45F3-6A3F-B1CB-4CF5A0FADFE8}.Release|Any CPU.ActiveCfg = Release|Any CPU
		{D7A04296-45F3-6A3F-B1CB-4CF5A0FADFE8}.Release|Any CPU.Build.0 = Release|Any CPU
		{AD223804-9334-7D0B-2376-F84184A16E92}.Debug|Any CPU.ActiveCfg = Debug|Any CPU
		{AD223804-9334-7D0B-2376-F84184A16E92}.Debug|Any CPU.Build.0 = Debug|Any CPU
		{AD223804-9334-7D0B-2376-F84184A16E92}.Release|Any CPU.ActiveCfg = Release|Any CPU
		{AD223804-9334-7D0B-2376-F84184A16E92}.Release|Any CPU.Build.0 = Release|Any CPU
	EndGlobalSection
	GlobalSection(SolutionProperties) = preSolution
		HideSolutionNode = FALSE
	EndGlobalSection
EndGlobal
